
Microsoft Visual Studio Solution File, Format Version 12.00
# Visual Studio Version 16
VisualStudioVersion = 16.0.28803.202
MinimumVisualStudioVersion = 10.0.40219.1
Project("{8BC9CEB8-8B4A-11D0-8D11-00A0C91BC942}") = "ConsoleApplication1", "ConsoleApplication1.vcxproj", "{CA5EF934-4D26-4C71-B7A2-408CC4ECF656}"
EndProject
Global
	GlobalSection(SolutionConfigurationPlatforms) = preSolution
		Debug|x64 = Debug|x64
		Debug|x86 = Debug|x86
		Release|x64 = Release|x64
		Release|x86 = Release|x86
	EndGlobalSection
	GlobalSection(ProjectConfigurationPlatforms) = postSolution
		{CA5EF934-4D26-4C71-B7A2-408CC4ECF656}.Debug|x64.ActiveCfg = Debug|x64
		{CA5EF934-4D26-4C71-B7A2-408CC4ECF656}.Debug|x64.Build.0 = Debug|x64
		{CA5EF934-4D26-4C71-B7A2-408CC4ECF656}.Debug|x86.ActiveCfg = Debug|Win32
		{CA5EF934-4D26-4C71-B7A2-408CC4ECF656}.Debug|x86.Build.0 = Debug|Win32
		{CA5EF934-4D26-4C71-B7A2-408CC4ECF656}.Release|x64.ActiveCfg = Release|x64
		{CA5EF934-4D26-4C71-B7A2-408CC4ECF656}.Release|x64.Build.0 = Release|x64
		{CA5EF934-4D26-4C71-B7A2-408CC4ECF656}.Release|x86.ActiveCfg = Release|Win32
		{CA5EF934-4D26-4C71-B7A2-408CC4ECF656}.Release|x86.Build.0 = Release|Win32
	EndGlobalSection
	GlobalSection(SolutionProperties) = preSolution
		HideSolutionNode = FALSE
	EndGlobalSection
	GlobalSection(ExtensibilityGlobals) = postSolution
		SolutionGuid = {0F9E7B58-FE08-431C-AC67-7D1CB5C59E33}
	EndGlobalSection
EndGlobal
